
Microsoft Visual Studio Solution File, Format Version 12.00
# Visual Studio Version 17
VisualStudioVersion = 17.5.002.0
MinimumVisualStudioVersion = 10.0.40219.1
Project("{9A19103F-16F7-4668-BE54-9A1E7A4F7556}") = "DailyRoutineApp", "DailyRoutineApp.csproj", "{DEBF269D-BE6C-4121-B473-2305E86F6C2F}"
EndProject
Global
	GlobalSection(SolutionConfigurationPlatforms) = preSolution
		Debug|Any CPU = Debug|Any CPU
		Release|Any CPU = Release|Any CPU
	EndGlobalSection
	GlobalSection(ProjectConfigurationPlatforms) = postSolution
		{DEBF269D-BE6C-4121-B473-2305E86F6C2F}.Debug|Any CPU.ActiveCfg = Debug|Any CPU
		{DEBF269D-BE6C-4121-B473-2305E86F6C2F}.Debug|Any CPU.Build.0 = Debug|Any CPU
		{DEBF269D-BE6C-4121-B473-2305E86F6C2F}.Release|Any CPU.ActiveCfg = Release|Any CPU
		{DEBF269D-BE6C-4121-B473-2305E86F6C2F}.Release|Any CPU.Build.0 = Release|Any CPU
	EndGlobalSection
	GlobalSection(SolutionProperties) = preSolution
		HideSolutionNode = FALSE
	EndGlobalSection
	GlobalSection(ExtensibilityGlobals) = postSolution
		SolutionGuid = {3AE2A903-14C1-4AE8-940F-1AE7DE7316E1}
	EndGlobalSection
EndGlobal
